
Microsoft Visual Studio Solution File, Format Version 12.00
# Visual Studio Version 16
VisualStudioVersion = 16.0.30011.22
MinimumVisualStudioVersion = 10.0.40219.1
Project("{FAE04EC0-301F-11D3-BF4B-00C04F79EFBC}") = "CSharpMastery", "CSharpMastery\CSharpMastery.csproj", "{FA019648-98D7-465F-9E6B-41398B94B282}"
EndProject
Project("{FAE04EC0-301F-11D3-BF4B-00C04F79EFBC}") = "Integers", "Integers\Integers.csproj", "{971B7D5A-FAA7-4362-87AF-0A35176C9439}"
EndProject
Global
	GlobalSection(SolutionConfigurationPlatforms) = preSolution
		Debug|Any CPU = Debug|Any CPU
		Release|Any CPU = Release|Any CPU
	EndGlobalSection
	GlobalSection(ProjectConfigurationPlatforms) = postSolution
		{FA019648-98D7-465F-9E6B-41398B94B282}.Debug|Any CPU.ActiveCfg = Debug|Any CPU
		{FA019648-98D7-465F-9E6B-41398B94B282}.Debug|Any CPU.Build.0 = Debug|Any CPU
		{FA019648-98D7-465F-9E6B-41398B94B282}.Release|Any CPU.ActiveCfg = Release|Any CPU
		{FA019648-98D7-465F-9E6B-41398B94B282}.Release|Any CPU.Build.0 = Release|Any CPU
		{971B7D5A-FAA7-4362-87AF-0A35176C9439}.Debug|Any CPU.ActiveCfg = Debug|Any CPU
		{971B7D5A-FAA7-4362-87AF-0A35176C9439}.Debug|Any CPU.Build.0 = Debug|Any CPU
		{971B7D5A-FAA7-4362-87AF-0A35176C9439}.Release|Any CPU.ActiveCfg = Release|Any CPU
		{971B7D5A-FAA7-4362-87AF-0A35176C9439}.Release|Any CPU.Build.0 = Release|Any CPU
	EndGlobalSection
	GlobalSection(SolutionProperties) = preSolution
		HideSolutionNode = FALSE
	EndGlobalSection
	GlobalSection(ExtensibilityGlobals) = postSolution
		SolutionGuid = {FD32AE2A-AD9D-48D1-9603-F21C55656A88}
	EndGlobalSection
EndGlobal
